
Microsoft Visual Studio Solution File, Format Version 11.00
# Visual Studio 2010
Project("{FAE04EC0-301F-11D3-BF4B-00C04F79EFBC}") = "nssh", "nssh\nssh.csproj", "{A83ED80C-9A54-4B71-8C40-1FB050850B1A}"
EndProject
Global
	GlobalSection(SolutionConfigurationPlatforms) = preSolution
		Debug|x86 = Debug|x86
		Release|x86 = Release|x86
	EndGlobalSection
	GlobalSection(ProjectConfigurationPlatforms) = postSolution
		{A83ED80C-9A54-4B71-8C40-1FB050850B1A}.Debug|x86.ActiveCfg = Debug|x86
		{A83ED80C-9A54-4B71-8C40-1FB050850B1A}.Debug|x86.Build.0 = Debug|x86
		{A83ED80C-9A54-4B71-8C40-1FB050850B1A}.Release|x86.ActiveCfg = Release|x86
		{A83ED80C-9A54-4B71-8C40-1FB050850B1A}.Release|x86.Build.0 = Release|x86
	EndGlobalSection
	GlobalSection(MonoDevelopProperties) = preSolution
		StartupItem = nssh\nssh.csproj
	EndGlobalSection
EndGlobal
